
Microsoft Visual Studio Solution File, Format Version 12.00
# Visual Studio Version 17
VisualStudioVersion = 17.7.34221.43
MinimumVisualStudioVersion = 10.0.40219.1
Project("{FAE04EC0-301F-11D3-BF4B-00C04F79EFBC}") = "ConsoleApp3", "ConsoleApp3\ConsoleApp3.csproj", "{3CF95456-4168-49CF-9CDD-A1FD7648A4A1}"
EndProject
Global
	GlobalSection(SolutionConfigurationPlatforms) = preSolution
		Debug|Any CPU = Debug|Any CPU
		Release|Any CPU = Release|Any CPU
	EndGlobalSection
	GlobalSection(ProjectConfigurationPlatforms) = postSolution
		{3CF95456-4168-49CF-9CDD-A1FD7648A4A1}.Debug|Any CPU.ActiveCfg = Debug|Any CPU
		{3CF95456-4168-49CF-9CDD-A1FD7648A4A1}.Debug|Any CPU.Build.0 = Debug|Any CPU
		{3CF95456-4168-49CF-9CDD-A1FD7648A4A1}.Release|Any CPU.ActiveCfg = Release|Any CPU
		{3CF95456-4168-49CF-9CDD-A1FD7648A4A1}.Release|Any CPU.Build.0 = Release|Any CPU
	EndGlobalSection
	GlobalSection(SolutionProperties) = preSolution
		HideSolutionNode = FALSE
	EndGlobalSection
	GlobalSection(ExtensibilityGlobals) = postSolution
		SolutionGuid = {A80C3B75-3A66-47D4-8465-18B258B0ADF2}
	EndGlobalSection
EndGlobal
